{
  "name": "primo-explore-tr-integration-inst-view1",
  "version": "0.0.1",
  "lockfileVersion": 1,
  "requires": true,
  "dependencies": {
    "primo-explore-lod-author-card": {
      "version": "0.0.3",
      "resolved": "https://registry.npmjs.org/primo-explore-lod-author-card/-/primo-explore-lod-author-card-0.0.3.tgz",
      "integrity": "sha512-HAD/9Sie3HGR/QqYLu+JWTJvL+H0adU0RUbjYVuNqjpmkP1YchlSNWTn9ZEX0J7+V6bNPpERdlYrsOSylQTILw==",
      "dev": true
    }
  }
}
