{
  "name": "primo-explore-tr-integration-inst-view1",
  "version": "0.0.1",
  "lockfileVersion": 1,
  "requires": true,
  "dependencies": {
    "primo-explore-lod-author-card": {
      "version": "0.0.6",
      "resolved": "https://registry.npmjs.org/primo-explore-lod-author-card/-/primo-explore-lod-author-card-0.0.6.tgz",
      "integrity": "sha512-FQdVrwSGGzdCpJ3yTP0Y8jOvV/2/QZAglLP+Ctpooibys6oo77Gt1JC+xM7cZOYL1scCY8VAfPqz6HKe7j9xLw=="
    },
    "primo-studio-appointment-scheduler": {
      "version": "0.1.0",
      "resolved": "https://registry.npmjs.org/primo-studio-appointment-scheduler/-/primo-studio-appointment-scheduler-0.1.0.tgz",
      "integrity": "sha512-L0s1gPhYvQ200R+wGLd6hwvLjqDJzsBnXpA0lbPxWi7Wa/GN/SlclABin3pqwcV9nkHMIkm5PN0Usp7kotgcJw=="
    }
  }
}
