{
  "name": "primo-explore-tr-integration-inst-view1",
  "version": "0.0.1",
  "lockfileVersion": 1,
  "requires": true,
  "dependencies": {
    "primo-explore-lod-author-card": {
      "version": "0.0.1",
      "resolved": "https://registry.npmjs.org/primo-explore-lod-author-card/-/primo-explore-lod-author-card-0.0.1.tgz",
      "integrity": "sha512-QeE2201zMSk07VrNitHsSRBwb5eX/myZFwrbcS1ByXUh5Yh2YbBhOU7BwpbYIXOE3ToPe39dO/1ib+13jDDXRQ==",
      "dev": true
    }
  }
}
